// !$*UTF8*$!
{
	archiveVersion = 1;
	classes = {
	};
	objectVersion = 50;
	objects = {

/* Begin PBXBuildFile section */
		060DBBEB22AE7E2B00D3A09F /* StepperView.swift in Sources */ = {isa = PBXBuildFile; fileRef = 060DBBEA22AE7E2B00D3A09F /* StepperView.swift */; };
		060DBBED22AE7EE600D3A09F /* SegmentedControlView.swift in Sources */ = {isa = PBXBuildFile; fileRef = 060DBBEC22AE7EE600D3A09F /* SegmentedControlView.swift */; };
		060DBBEF22AE80DC00D3A09F /* AlertView.swift in Sources */ = {isa = PBXBuildFile; fileRef = 060DBBEE22AE80DC00D3A09F /* AlertView.swift */; };
		060DBBF122AE891300D3A09F /* GestureView.swift in Sources */ = {isa = PBXBuildFile; fileRef = 060DBBF022AE891300D3A09F /* GestureView.swift */; };
		068FA18722AD716100FFF648 /* ExampleListView.swift in Sources */ = {isa = PBXBuildFile; fileRef = 068FA18622AD716100FFF648 /* ExampleListView.swift */; };
		068FA18922AD717E00FFF648 /* ExampleCell.swift in Sources */ = {isa = PBXBuildFile; fileRef = 068FA18822AD717E00FFF648 /* ExampleCell.swift */; };
		068FA18B22AD73D300FFF648 /* TextView.swift in Sources */ = {isa = PBXBuildFile; fileRef = 068FA18A22AD73D300FFF648 /* TextView.swift */; };
		068FA18D22AD765300FFF648 /* TextFieldView.swift in Sources */ = {isa = PBXBuildFile; fileRef = 068FA18C22AD765300FFF648 /* TextFieldView.swift */; };
		068FA18F22AD80CD00FFF648 /* ButtonsView.swift in Sources */ = {isa = PBXBuildFile; fileRef = 068FA18E22AD80CD00FFF648 /* ButtonsView.swift */; };
		068FA19122AD86DA00FFF648 /* SliderView.swift in Sources */ = {isa = PBXBuildFile; fileRef = 068FA19022AD86DA00FFF648 /* SliderView.swift */; };
		068FA19322AE7A9900FFF648 /* ToggleView.swift in Sources */ = {isa = PBXBuildFile; fileRef = 068FA19222AE7A9900FFF648 /* ToggleView.swift */; };
		068FA19522AE7B7000FFF648 /* DatePickerView.swift in Sources */ = {isa = PBXBuildFile; fileRef = 068FA19422AE7B7000FFF648 /* DatePickerView.swift */; };
		06E548C022ABA53600794057 /* VideoCell.swift in Sources */ = {isa = PBXBuildFile; fileRef = 06E548BF22ABA53600794057 /* VideoCell.swift */; };
		06E548C222ABA5F000794057 /* VideoDetailsView.swift in Sources */ = {isa = PBXBuildFile; fileRef = 06E548C122ABA5F000794057 /* VideoDetailsView.swift */; };
		06E548C422ABAB1E00794057 /* BadgeView.swift in Sources */ = {isa = PBXBuildFile; fileRef = 06E548C322ABAB1E00794057 /* BadgeView.swift */; };
		06E548C622ABAB6A00794057 /* HexagonParameters.swift in Sources */ = {isa = PBXBuildFile; fileRef = 06E548C522ABAB6A00794057 /* HexagonParameters.swift */; };
		06FB7FAF22A822C600E0B8C5 /* AppDelegate.swift in Sources */ = {isa = PBXBuildFile; fileRef = 06FB7FAE22A822C600E0B8C5 /* AppDelegate.swift */; };
		06FB7FB122A822C600E0B8C5 /* SceneDelegate.swift in Sources */ = {isa = PBXBuildFile; fileRef = 06FB7FB022A822C600E0B8C5 /* SceneDelegate.swift */; };
		06FB7FB322A822C600E0B8C5 /* VideoListView.swift in Sources */ = {isa = PBXBuildFile; fileRef = 06FB7FB222A822C600E0B8C5 /* VideoListView.swift */; };
		06FB7FB522A822C700E0B8C5 /* Assets.xcassets in Resources */ = {isa = PBXBuildFile; fileRef = 06FB7FB422A822C700E0B8C5 /* Assets.xcassets */; };
		06FB7FB822A822C700E0B8C5 /* Preview Assets.xcassets in Resources */ = {isa = PBXBuildFile; fileRef = 06FB7FB722A822C700E0B8C5 /* Preview Assets.xcassets */; };
		06FB7FBB22A822C700E0B8C5 /* LaunchScreen.storyboard in Resources */ = {isa = PBXBuildFile; fileRef = 06FB7FB922A822C700E0B8C5 /* LaunchScreen.storyboard */; };
		06FB7FC722A8269800E0B8C5 /* Video.swift in Sources */ = {isa = PBXBuildFile; fileRef = 06FB7FC622A8269800E0B8C5 /* Video.swift */; };
/* End PBXBuildFile section */

/* Begin PBXFileReference section */
		060DBBEA22AE7E2B00D3A09F /* StepperView.swift */ = {isa = PBXFileReference; lastKnownFileType = sourcecode.swift; path = StepperView.swift; sourceTree = "<group>"; };
		060DBBEC22AE7EE600D3A09F /* SegmentedControlView.swift */ = {isa = PBXFileReference; lastKnownFileType = sourcecode.swift; path = SegmentedControlView.swift; sourceTree = "<group>"; };
		060DBBEE22AE80DC00D3A09F /* AlertView.swift */ = {isa = PBXFileReference; lastKnownFileType = sourcecode.swift; path = AlertView.swift; sourceTree = "<group>"; };
		060DBBF022AE891300D3A09F /* GestureView.swift */ = {isa = PBXFileReference; lastKnownFileType = sourcecode.swift; path = GestureView.swift; sourceTree = "<group>"; };
		068FA18622AD716100FFF648 /* ExampleListView.swift */ = {isa = PBXFileReference; lastKnownFileType = sourcecode.swift; path = ExampleListView.swift; sourceTree = "<group>"; };
		068FA18822AD717E00FFF648 /* ExampleCell.swift */ = {isa = PBXFileReference; lastKnownFileType = sourcecode.swift; path = ExampleCell.swift; sourceTree = "<group>"; };
		068FA18A22AD73D300FFF648 /* TextView.swift */ = {isa = PBXFileReference; lastKnownFileType = sourcecode.swift; path = TextView.swift; sourceTree = "<group>"; };
		068FA18C22AD765300FFF648 /* TextFieldView.swift */ = {isa = PBXFileReference; lastKnownFileType = sourcecode.swift; path = TextFieldView.swift; sourceTree = "<group>"; };
		068FA18E22AD80CD00FFF648 /* ButtonsView.swift */ = {isa = PBXFileReference; lastKnownFileType = sourcecode.swift; path = ButtonsView.swift; sourceTree = "<group>"; };
		068FA19022AD86DA00FFF648 /* SliderView.swift */ = {isa = PBXFileReference; lastKnownFileType = sourcecode.swift; path = SliderView.swift; sourceTree = "<group>"; };
		068FA19222AE7A9900FFF648 /* ToggleView.swift */ = {isa = PBXFileReference; lastKnownFileType = sourcecode.swift; path = ToggleView.swift; sourceTree = "<group>"; };
		068FA19422AE7B7000FFF648 /* DatePickerView.swift */ = {isa = PBXFileReference; lastKnownFileType = sourcecode.swift; path = DatePickerView.swift; sourceTree = "<group>"; };
		06E548BF22ABA53600794057 /* VideoCell.swift */ = {isa = PBXFileReference; lastKnownFileType = sourcecode.swift; path = VideoCell.swift; sourceTree = "<group>"; };
		06E548C122ABA5F000794057 /* VideoDetailsView.swift */ = {isa = PBXFileReference; fileEncoding = 4; lastKnownFileType = sourcecode.swift; path = VideoDetailsView.swift; sourceTree = "<group>"; };
		06E548C322ABAB1E00794057 /* BadgeView.swift */ = {isa = PBXFileReference; lastKnownFileType = sourcecode.swift; path = BadgeView.swift; sourceTree = "<group>"; };
		06E548C522ABAB6A00794057 /* HexagonParameters.swift */ = {isa = PBXFileReference; lastKnownFileType = sourcecode.swift; path = HexagonParameters.swift; sourceTree = "<group>"; };
		06FB7FAB22A822C600E0B8C5 /* SwiftUI by Examples.app */ = {isa = PBXFileReference; explicitFileType = wrapper.application; includeInIndex = 0; path = "SwiftUI by Examples.app"; sourceTree = BUILT_PRODUCTS_DIR; };
		06FB7FAE22A822C600E0B8C5 /* AppDelegate.swift */ = {isa = PBXFileReference; lastKnownFileType = sourcecode.swift; path = AppDelegate.swift; sourceTree = "<group>"; };
		06FB7FB022A822C600E0B8C5 /* SceneDelegate.swift */ = {isa = PBXFileReference; lastKnownFileType = sourcecode.swift; path = SceneDelegate.swift; sourceTree = "<group>"; };
		06FB7FB222A822C600E0B8C5 /* VideoListView.swift */ = {isa = PBXFileReference; lastKnownFileType = sourcecode.swift; path = VideoListView.swift; sourceTree = "<group>"; };
		06FB7FB422A822C700E0B8C5 /* Assets.xcassets */ = {isa = PBXFileReference; lastKnownFileType = folder.assetcatalog; path = Assets.xcassets; sourceTree = "<group>"; };
		06FB7FB722A822C700E0B8C5 /* Preview Assets.xcassets */ = {isa = PBXFileReference; lastKnownFileType = folder.assetcatalog; path = "Preview Assets.xcassets"; sourceTree = "<group>"; };
		06FB7FBA22A822C700E0B8C5 /* Base */ = {isa = PBXFileReference; lastKnownFileType = file.storyboard; name = Base; path = Base.lproj/LaunchScreen.storyboard; sourceTree = "<group>"; };
		06FB7FBC22A822C700E0B8C5 /* Info.plist */ = {isa = PBXFileReference; lastKnownFileType = text.plist.xml; path = Info.plist; sourceTree = "<group>"; };
		06FB7FC322A8233700E0B8C5 /* SampleCode.xcconfig */ = {isa = PBXFileReference; lastKnownFileType = text.xcconfig; path = SampleCode.xcconfig; sourceTree = "<group>"; };
		06FB7FC622A8269800E0B8C5 /* Video.swift */ = {isa = PBXFileReference; lastKnownFileType = sourcecode.swift; path = Video.swift; sourceTree = "<group>"; };
/* End PBXFileReference section */

/* Begin PBXFrameworksBuildPhase section */
		06FB7FA822A822C600E0B8C5 /* Frameworks */ = {
			isa = PBXFrameworksBuildPhase;
			buildActionMask = 2147483647;
			files = (
			);
			runOnlyForDeploymentPostprocessing = 0;
		};
/* End PBXFrameworksBuildPhase section */

/* Begin PBXGroup section */
		06FB7FA222A822C600E0B8C5 = {
			isa = PBXGroup;
			children = (
				06FB7FC222A8233700E0B8C5 /* Configuration */,
				06FB7FAD22A822C600E0B8C5 /* SwiftUI by Examples */,
				06FB7FAC22A822C600E0B8C5 /* Products */,
			);
			sourceTree = "<group>";
		};
		06FB7FAC22A822C600E0B8C5 /* Products */ = {
			isa = PBXGroup;
			children = (
				06FB7FAB22A822C600E0B8C5 /* SwiftUI by Examples.app */,
			);
			name = Products;
			sourceTree = "<group>";
		};
		06FB7FAD22A822C600E0B8C5 /* SwiftUI by Examples */ = {
			isa = PBXGroup;
			children = (
				06FB7FAE22A822C600E0B8C5 /* AppDelegate.swift */,
				06FB7FB022A822C600E0B8C5 /* SceneDelegate.swift */,
				06FB7FC622A8269800E0B8C5 /* Video.swift */,
				06FB7FB222A822C600E0B8C5 /* VideoListView.swift */,
				06E548BF22ABA53600794057 /* VideoCell.swift */,
				06E548C122ABA5F000794057 /* VideoDetailsView.swift */,
				06E548C522ABAB6A00794057 /* HexagonParameters.swift */,
				06E548C322ABAB1E00794057 /* BadgeView.swift */,
				06FB7FB422A822C700E0B8C5 /* Assets.xcassets */,
				06FB7FB922A822C700E0B8C5 /* LaunchScreen.storyboard */,
				06FB7FBC22A822C700E0B8C5 /* Info.plist */,
				06FB7FB622A822C700E0B8C5 /* Preview Content */,
				068FA18622AD716100FFF648 /* ExampleListView.swift */,
				068FA18822AD717E00FFF648 /* ExampleCell.swift */,
				068FA18A22AD73D300FFF648 /* TextView.swift */,
				068FA18C22AD765300FFF648 /* TextFieldView.swift */,
				068FA18E22AD80CD00FFF648 /* ButtonsView.swift */,
				068FA19022AD86DA00FFF648 /* SliderView.swift */,
				068FA19222AE7A9900FFF648 /* ToggleView.swift */,
				068FA19422AE7B7000FFF648 /* DatePickerView.swift */,
				060DBBEA22AE7E2B00D3A09F /* StepperView.swift */,
				060DBBEC22AE7EE600D3A09F /* SegmentedControlView.swift */,
				060DBBEE22AE80DC00D3A09F /* AlertView.swift */,
				060DBBF022AE891300D3A09F /* GestureView.swift */,
			);
			path = "SwiftUI by Examples";
			sourceTree = "<group>";
		};
		06FB7FB622A822C700E0B8C5 /* Preview Content */ = {
			isa = PBXGroup;
			children = (
				06FB7FB722A822C700E0B8C5 /* Preview Assets.xcassets */,
			);
			path = "Preview Content";
			sourceTree = "<group>";
		};
		06FB7FC222A8233700E0B8C5 /* Configuration */ = {
			isa = PBXGroup;
			children = (
				06FB7FC322A8233700E0B8C5 /* SampleCode.xcconfig */,
			);
			name = Configuration;
			path = ../Configuration;
			sourceTree = "<group>";
		};
/* End PBXGroup section */

/* Begin PBXNativeTarget section */
		06FB7FAA22A822C600E0B8C5 /* SwiftUI by Examples */ = {
			isa = PBXNativeTarget;
			buildConfigurationList = 06FB7FBF22A822C700E0B8C5 /* Build configuration list for PBXNativeTarget "SwiftUI by Examples" */;
			buildPhases = (
				06FB7FA722A822C600E0B8C5 /* Sources */,
				06FB7FA822A822C600E0B8C5 /* Frameworks */,
				06FB7FA922A822C600E0B8C5 /* Resources */,
			);
			buildRules = (
			);
			dependencies = (
			);
			name = "SwiftUI by Examples";
			productName = "SwiftUI by Examples";
			productReference = 06FB7FAB22A822C600E0B8C5 /* SwiftUI by Examples.app */;
			productType = "com.apple.product-type.application";
		};
/* End PBXNativeTarget section */

/* Begin PBXProject section */
		06FB7FA322A822C600E0B8C5 /* Project object */ = {
			isa = PBXProject;
			attributes = {
				LastSwiftUpdateCheck = 1100;
				LastUpgradeCheck = 1100;
				ORGANIZATIONNAME = "Artem Novichkov";
				TargetAttributes = {
					06FB7FAA22A822C600E0B8C5 = {
						CreatedOnToolsVersion = 11.0;
					};
				};
			};
			buildConfigurationList = 06FB7FA622A822C600E0B8C5 /* Build configuration list for PBXProject "SwiftUI by Examples" */;
			compatibilityVersion = "Xcode 9.3";
			developmentRegion = en;
			hasScannedForEncodings = 0;
			knownRegions = (
				en,
				Base,
			);
			mainGroup = 06FB7FA222A822C600E0B8C5;
			productRefGroup = 06FB7FAC22A822C600E0B8C5 /* Products */;
			projectDirPath = "";
			projectRoot = "";
			targets = (
				06FB7FAA22A822C600E0B8C5 /* SwiftUI by Examples */,
			);
		};
/* End PBXProject section */

/* Begin PBXResourcesBuildPhase section */
		06FB7FA922A822C600E0B8C5 /* Resources */ = {
			isa = PBXResourcesBuildPhase;
			buildActionMask = 2147483647;
			files = (
				06FB7FBB22A822C700E0B8C5 /* LaunchScreen.storyboard in Resources */,
				06FB7FB822A822C700E0B8C5 /* Preview Assets.xcassets in Resources */,
				06FB7FB522A822C700E0B8C5 /* Assets.xcassets in Resources */,
			);
			runOnlyForDeploymentPostprocessing = 0;
		};
/* End PBXResourcesBuildPhase section */

/* Begin PBXSourcesBuildPhase section */
		06FB7FA722A822C600E0B8C5 /* Sources */ = {
			isa = PBXSourcesBuildPhase;
			buildActionMask = 2147483647;
			files = (
				068FA18922AD717E00FFF648 /* ExampleCell.swift in Sources */,
				060DBBEF22AE80DC00D3A09F /* AlertView.swift in Sources */,
				060DBBED22AE7EE600D3A09F /* SegmentedControlView.swift in Sources */,
				068FA18B22AD73D300FFF648 /* TextView.swift in Sources */,
				068FA18D22AD765300FFF648 /* TextFieldView.swift in Sources */,
				06E548C622ABAB6A00794057 /* HexagonParameters.swift in Sources */,
				068FA19522AE7B7000FFF648 /* DatePickerView.swift in Sources */,
				06FB7FAF22A822C600E0B8C5 /* AppDelegate.swift in Sources */,
				06E548C422ABAB1E00794057 /* BadgeView.swift in Sources */,
				068FA18F22AD80CD00FFF648 /* ButtonsView.swift in Sources */,
				06FB7FB122A822C600E0B8C5 /* SceneDelegate.swift in Sources */,
				06FB7FB322A822C600E0B8C5 /* VideoListView.swift in Sources */,
				060DBBEB22AE7E2B00D3A09F /* StepperView.swift in Sources */,
				06E548C222ABA5F000794057 /* VideoDetailsView.swift in Sources */,
				060DBBF122AE891300D3A09F /* GestureView.swift in Sources */,
				06FB7FC722A8269800E0B8C5 /* Video.swift in Sources */,
				068FA18722AD716100FFF648 /* ExampleListView.swift in Sources */,
				06E548C022ABA53600794057 /* VideoCell.swift in Sources */,
				068FA19322AE7A9900FFF648 /* ToggleView.swift in Sources */,
				068FA19122AD86DA00FFF648 /* SliderView.swift in Sources */,
			);
			runOnlyForDeploymentPostprocessing = 0;
		};
/* End PBXSourcesBuildPhase section */

/* Begin PBXVariantGroup section */
		06FB7FB922A822C700E0B8C5 /* LaunchScreen.storyboard */ = {
			isa = PBXVariantGroup;
			children = (
				06FB7FBA22A822C700E0B8C5 /* Base */,
			);
			name = LaunchScreen.storyboard;
			sourceTree = "<group>";
		};
/* End PBXVariantGroup section */

/* Begin XCBuildConfiguration section */
		06FB7FBD22A822C700E0B8C5 /* Debug */ = {
			isa = XCBuildConfiguration;
			baseConfigurationReference = 06FB7FC322A8233700E0B8C5 /* SampleCode.xcconfig */;
			buildSettings = {
				ALWAYS_SEARCH_USER_PATHS = NO;
				CLANG_ANALYZER_NONNULL = YES;
				CLANG_ANALYZER_NUMBER_OBJECT_CONVERSION = YES_AGGRESSIVE;
				CLANG_CXX_LANGUAGE_STANDARD = "gnu++14";
				CLANG_CXX_LIBRARY = "libc++";
				CLANG_ENABLE_MODULES = YES;
				CLANG_ENABLE_OBJC_ARC = YES;
				CLANG_ENABLE_OBJC_WEAK = YES;
				CLANG_WARN_BLOCK_CAPTURE_AUTORELEASING = YES;
				CLANG_WARN_BOOL_CONVERSION = YES;
				CLANG_WARN_COMMA = YES;
				CLANG_WARN_CONSTANT_CONVERSION = YES;
				CLANG_WARN_DEPRECATED_OBJC_IMPLEMENTATIONS = YES;
				CLANG_WARN_DIRECT_OBJC_ISA_USAGE = YES_ERROR;
				CLANG_WARN_DOCUMENTATION_COMMENTS = YES;
				CLANG_WARN_EMPTY_BODY = YES;
				CLANG_WARN_ENUM_CONVERSION = YES;
				CLANG_WARN_INFINITE_RECURSION = YES;
				CLANG_WARN_INT_CONVERSION = YES;
				CLANG_WARN_NON_LITERAL_NULL_CONVERSION = YES;
				CLANG_WARN_OBJC_IMPLICIT_RETAIN_SELF = YES;
				CLANG_WARN_OBJC_LITERAL_CONVERSION = YES;
				CLANG_WARN_OBJC_ROOT_CLASS = YES_ERROR;
				CLANG_WARN_RANGE_LOOP_ANALYSIS = YES;
				CLANG_WARN_STRICT_PROTOTYPES = YES;
				CLANG_WARN_SUSPICIOUS_MOVE = YES;
				CLANG_WARN_UNGUARDED_AVAILABILITY = YES_AGGRESSIVE;
				CLANG_WARN_UNREACHABLE_CODE = YES;
				CLANG_WARN__DUPLICATE_METHOD_MATCH = YES;
				COPY_PHASE_STRIP = NO;
				DEBUG_INFORMATION_FORMAT = dwarf;
				ENABLE_STRICT_OBJC_MSGSEND = YES;
				ENABLE_TESTABILITY = YES;
				GCC_C_LANGUAGE_STANDARD = gnu11;
				GCC_DYNAMIC_NO_PIC = NO;
				GCC_NO_COMMON_BLOCKS = YES;
				GCC_OPTIMIZATION_LEVEL = 0;
				GCC_PREPROCESSOR_DEFINITIONS = (
					"DEBUG=1",
					"$(inherited)",
				);
				GCC_WARN_64_TO_32_BIT_CONVERSION = YES;
				GCC_WARN_ABOUT_RETURN_TYPE = YES_ERROR;
				GCC_WARN_UNDECLARED_SELECTOR = YES;
				GCC_WARN_UNINITIALIZED_AUTOS = YES_AGGRESSIVE;
				GCC_WARN_UNUSED_FUNCTION = YES;
				GCC_WARN_UNUSED_VARIABLE = YES;
				IPHONEOS_DEPLOYMENT_TARGET = 13.0;
				MTL_ENABLE_DEBUG_INFO = INCLUDE_SOURCE;
				MTL_FAST_MATH = YES;
				ONLY_ACTIVE_ARCH = YES;
				SDKROOT = iphoneos;
				SWIFT_ACTIVE_COMPILATION_CONDITIONS = DEBUG;
				SWIFT_OPTIMIZATION_LEVEL = "-Onone";
			};
			name = Debug;
		};
		06FB7FBE22A822C700E0B8C5 /* Release */ = {
			isa = XCBuildConfiguration;
			baseConfigurationReference = 06FB7FC322A8233700E0B8C5 /* SampleCode.xcconfig */;
			buildSettings = {
				ALWAYS_SEARCH_USER_PATHS = NO;
				CLANG_ANALYZER_NONNULL = YES;
				CLANG_ANALYZER_NUMBER_OBJECT_CONVERSION = YES_AGGRESSIVE;
				CLANG_CXX_LANGUAGE_STANDARD = "gnu++14";
				CLANG_CXX_LIBRARY = "libc++";
				CLANG_ENABLE_MODULES = YES;
				CLANG_ENABLE_OBJC_ARC = YES;
				CLANG_ENABLE_OBJC_WEAK = YES;
				CLANG_WARN_BLOCK_CAPTURE_AUTORELEASING = YES;
				CLANG_WARN_BOOL_CONVERSION = YES;
				CLANG_WARN_COMMA = YES;
				CLANG_WARN_CONSTANT_CONVERSION = YES;
				CLANG_WARN_DEPRECATED_OBJC_IMPLEMENTATIONS = YES;
				CLANG_WARN_DIRECT_OBJC_ISA_USAGE = YES_ERROR;
				CLANG_WARN_DOCUMENTATION_COMMENTS = YES;
				CLANG_WARN_EMPTY_BODY = YES;
				CLANG_WARN_ENUM_CONVERSION = YES;
				CLANG_WARN_INFINITE_RECURSION = YES;
				CLANG_WARN_INT_CONVERSION = YES;
				CLANG_WARN_NON_LITERAL_NULL_CONVERSION = YES;
				CLANG_WARN_OBJC_IMPLICIT_RETAIN_SELF = YES;
				CLANG_WARN_OBJC_LITERAL_CONVERSION = YES;
				CLANG_WARN_OBJC_ROOT_CLASS = YES_ERROR;
				CLANG_WARN_RANGE_LOOP_ANALYSIS = YES;
				CLANG_WARN_STRICT_PROTOTYPES = YES;
				CLANG_WARN_SUSPICIOUS_MOVE = YES;
				CLANG_WARN_UNGUARDED_AVAILABILITY = YES_AGGRESSIVE;
				CLANG_WARN_UNREACHABLE_CODE = YES;
				CLANG_WARN__DUPLICATE_METHOD_MATCH = YES;
				COPY_PHASE_STRIP = NO;
				DEBUG_INFORMATION_FORMAT = "dwarf-with-dsym";
				ENABLE_NS_ASSERTIONS = NO;
				ENABLE_STRICT_OBJC_MSGSEND = YES;
				GCC_C_LANGUAGE_STANDARD = gnu11;
				GCC_NO_COMMON_BLOCKS = YES;
				GCC_WARN_64_TO_32_BIT_CONVERSION = YES;
				GCC_WARN_ABOUT_RETURN_TYPE = YES_ERROR;
				GCC_WARN_UNDECLARED_SELECTOR = YES;
				GCC_WARN_UNINITIALIZED_AUTOS = YES_AGGRESSIVE;
				GCC_WARN_UNUSED_FUNCTION = YES;
				GCC_WARN_UNUSED_VARIABLE = YES;
				IPHONEOS_DEPLOYMENT_TARGET = 13.0;
				MTL_ENABLE_DEBUG_INFO = NO;
				MTL_FAST_MATH = YES;
				SDKROOT = iphoneos;
				SWIFT_COMPILATION_MODE = wholemodule;
				SWIFT_OPTIMIZATION_LEVEL = "-O";
				VALIDATE_PRODUCT = YES;
			};
			name = Release;
		};
		06FB7FC022A822C700E0B8C5 /* Debug */ = {
			isa = XCBuildConfiguration;
			baseConfigurationReference = 06FB7FC322A8233700E0B8C5 /* SampleCode.xcconfig */;
			buildSettings = {
				ASSETCATALOG_COMPILER_APPICON_NAME = AppIcon;
				CODE_SIGN_STYLE = Automatic;
				DEVELOPMENT_ASSET_PATHS = "\"SwiftUI by Examples\"/Preview\\ Content";
				ENABLE_PREVIEWS = YES;
				INFOPLIST_FILE = "SwiftUI by Examples/Info.plist";
				LD_RUNPATH_SEARCH_PATHS = (
					"$(inherited)",
					"@executable_path/Frameworks",
				);
				PRODUCT_BUNDLE_IDENTIFIER = "com.artemnovichkov.SwiftUI-by-Examples";
				PRODUCT_NAME = "$(TARGET_NAME)";
				SWIFT_VERSION = 5.0;
				TARGETED_DEVICE_FAMILY = "1,2";
			};
			name = Debug;
		};
		06FB7FC122A822C700E0B8C5 /* Release */ = {
			isa = XCBuildConfiguration;
			baseConfigurationReference = 06FB7FC322A8233700E0B8C5 /* SampleCode.xcconfig */;
			buildSettings = {
				ASSETCATALOG_COMPILER_APPICON_NAME = AppIcon;
				CODE_SIGN_STYLE = Automatic;
				DEVELOPMENT_ASSET_PATHS = "\"SwiftUI by Examples\"/Preview\\ Content";
				ENABLE_PREVIEWS = YES;
				INFOPLIST_FILE = "SwiftUI by Examples/Info.plist";
				LD_RUNPATH_SEARCH_PATHS = (
					"$(inherited)",
					"@executable_path/Frameworks",
				);
				PRODUCT_BUNDLE_IDENTIFIER = "com.artemnovichkov.SwiftUI-by-Examples";
				PRODUCT_NAME = "$(TARGET_NAME)";
				SWIFT_VERSION = 5.0;
				TARGETED_DEVICE_FAMILY = "1,2";
			};
			name = Release;
		};
/* End XCBuildConfiguration section */

/* Begin XCConfigurationList section */
		06FB7FA622A822C600E0B8C5 /* Build configuration list for PBXProject "SwiftUI by Examples" */ = {
			isa = XCConfigurationList;
			buildConfigurations = (
				06FB7FBD22A822C700E0B8C5 /* Debug */,
				06FB7FBE22A822C700E0B8C5 /* Release */,
			);
			defaultConfigurationIsVisible = 0;
			defaultConfigurationName = Release;
		};
		06FB7FBF22A822C700E0B8C5 /* Build configuration list for PBXNativeTarget "SwiftUI by Examples" */ = {
			isa = XCConfigurationList;
			buildConfigurations = (
				06FB7FC022A822C700E0B8C5 /* Debug */,
				06FB7FC122A822C700E0B8C5 /* Release */,
			);
			defaultConfigurationIsVisible = 0;
			defaultConfigurationName = Release;
		};
/* End XCConfigurationList section */
	};
	rootObject = 06FB7FA322A822C600E0B8C5 /* Project object */;
}
